
Microsoft Visual Studio Solution File, Format Version 12.00
# Visual Studio 15
VisualStudioVersion = 15.0.28307.329
MinimumVisualStudioVersion = 10.0.40219.1
Project("{FAE04EC0-301F-11D3-BF4B-00C04F79EFBC}") = "001_Static", "Static_Classes\001_Static.csproj", "{5B467B5B-D304-4165-9952-01D32BD7657F}"
EndProject
Project("{FAE04EC0-301F-11D3-BF4B-00C04F79EFBC}") = "002_Static", "Static_02\002_Static.csproj", "{0FCA2CE0-6564-4938-A3B8-69483E56633D}"
EndProject
Project("{FAE04EC0-301F-11D3-BF4B-00C04F79EFBC}") = "Static_03", "Static_03\Static_03.csproj", "{412D0910-C75B-40DD-B21E-23A751D868ED}"
EndProject
Project("{FAE04EC0-301F-11D3-BF4B-00C04F79EFBC}") = "Static_04", "Static_04\Static_04.csproj", "{05DBFDCF-DAFC-4FC1-ACF5-53DB26AEAF45}"
EndProject
Global
	GlobalSection(SolutionConfigurationPlatforms) = preSolution
		Debug|Any CPU = Debug|Any CPU
		Release|Any CPU = Release|Any CPU
	EndGlobalSection
	GlobalSection(ProjectConfigurationPlatforms) = postSolution
		{5B467B5B-D304-4165-9952-01D32BD7657F}.Debug|Any CPU.ActiveCfg = Debug|Any CPU
		{5B467B5B-D304-4165-9952-01D32BD7657F}.Debug|Any CPU.Build.0 = Debug|Any CPU
		{5B467B5B-D304-4165-9952-01D32BD7657F}.Release|Any CPU.ActiveCfg = Release|Any CPU
		{5B467B5B-D304-4165-9952-01D32BD7657F}.Release|Any CPU.Build.0 = Release|Any CPU
		{0FCA2CE0-6564-4938-A3B8-69483E56633D}.Debug|Any CPU.ActiveCfg = Debug|Any CPU
		{0FCA2CE0-6564-4938-A3B8-69483E56633D}.Debug|Any CPU.Build.0 = Debug|Any CPU
		{0FCA2CE0-6564-4938-A3B8-69483E56633D}.Release|Any CPU.ActiveCfg = Release|Any CPU
		{0FCA2CE0-6564-4938-A3B8-69483E56633D}.Release|Any CPU.Build.0 = Release|Any CPU
		{412D0910-C75B-40DD-B21E-23A751D868ED}.Debug|Any CPU.ActiveCfg = Debug|Any CPU
		{412D0910-C75B-40DD-B21E-23A751D868ED}.Debug|Any CPU.Build.0 = Debug|Any CPU
		{412D0910-C75B-40DD-B21E-23A751D868ED}.Release|Any CPU.ActiveCfg = Release|Any CPU
		{412D0910-C75B-40DD-B21E-23A751D868ED}.Release|Any CPU.Build.0 = Release|Any CPU
		{05DBFDCF-DAFC-4FC1-ACF5-53DB26AEAF45}.Debug|Any CPU.ActiveCfg = Debug|Any CPU
		{05DBFDCF-DAFC-4FC1-ACF5-53DB26AEAF45}.Debug|Any CPU.Build.0 = Debug|Any CPU
		{05DBFDCF-DAFC-4FC1-ACF5-53DB26AEAF45}.Release|Any CPU.ActiveCfg = Release|Any CPU
		{05DBFDCF-DAFC-4FC1-ACF5-53DB26AEAF45}.Release|Any CPU.Build.0 = Release|Any CPU
	EndGlobalSection
	GlobalSection(SolutionProperties) = preSolution
		HideSolutionNode = FALSE
	EndGlobalSection
	GlobalSection(ExtensibilityGlobals) = postSolution
		SolutionGuid = {FEE8DF92-A387-451A-BB73-C37734EAD9C4}
	EndGlobalSection
EndGlobal
